
Microsoft Visual Studio Solution File, Format Version 12.00
# Visual Studio Version 16
VisualStudioVersion = 16.0.29613.14
MinimumVisualStudioVersion = 10.0.40219.1
Project("{FAE04EC0-301F-11D3-BF4B-00C04F79EFBC}") = "Home_Fp", "Home_Fp\Home_Fp.csproj", "{C37F09F0-FA75-40FD-8B05-F289255841F5}"
EndProject
Global
	GlobalSection(SolutionConfigurationPlatforms) = preSolution
		Debug|Any CPU = Debug|Any CPU
		Release|Any CPU = Release|Any CPU
	EndGlobalSection
	GlobalSection(ProjectConfigurationPlatforms) = postSolution
		{C37F09F0-FA75-40FD-8B05-F289255841F5}.Debug|Any CPU.ActiveCfg = Debug|Any CPU
		{C37F09F0-FA75-40FD-8B05-F289255841F5}.Debug|Any CPU.Build.0 = Debug|Any CPU
		{C37F09F0-FA75-40FD-8B05-F289255841F5}.Release|Any CPU.ActiveCfg = Release|Any CPU
		{C37F09F0-FA75-40FD-8B05-F289255841F5}.Release|Any CPU.Build.0 = Release|Any CPU
	EndGlobalSection
	GlobalSection(SolutionProperties) = preSolution
		HideSolutionNode = FALSE
	EndGlobalSection
	GlobalSection(ExtensibilityGlobals) = postSolution
		SolutionGuid = {7A6FC702-1AC9-4453-8BEB-37B0283DF917}
	EndGlobalSection
EndGlobal
